
Microsoft Visual Studio Solution File, Format Version 12.00
# Visual Studio Version 16
VisualStudioVersion = 25.0.1706.7
MinimumVisualStudioVersion = 10.0.40219.1
Project("{FAE04EC0-301F-11D3-BF4B-00C04F79EFBC}") = "ShopApp", "ShopApp\ShopApp.csproj", "{F69A2BDF-FC6C-499A-B762-9AEF8A3F47A4}"
EndProject
Global
	GlobalSection(SolutionConfigurationPlatforms) = preSolution
		Debug|Any CPU = Debug|Any CPU
		Release|Any CPU = Release|Any CPU
	EndGlobalSection
	GlobalSection(ProjectConfigurationPlatforms) = postSolution
		{F69A2BDF-FC6C-499A-B762-9AEF8A3F47A4}.Debug|Any CPU.ActiveCfg = Debug|Any CPU
		{F69A2BDF-FC6C-499A-B762-9AEF8A3F47A4}.Debug|Any CPU.Build.0 = Debug|Any CPU
		{F69A2BDF-FC6C-499A-B762-9AEF8A3F47A4}.Release|Any CPU.ActiveCfg = Release|Any CPU
		{F69A2BDF-FC6C-499A-B762-9AEF8A3F47A4}.Release|Any CPU.Build.0 = Release|Any CPU
	EndGlobalSection
	GlobalSection(SolutionProperties) = preSolution
		HideSolutionNode = FALSE
	EndGlobalSection
	GlobalSection(ExtensibilityGlobals) = postSolution
		SolutionGuid = {CD1C5BB7-F1B2-43B2-B726-55CDFC8FB380}
	EndGlobalSection
EndGlobal
